
Microsoft Visual Studio Solution File, Format Version 12.00
# Visual Studio 14
VisualStudioVersion = 14.0.25420.1
MinimumVisualStudioVersion = 10.0.40219.1
Project("{FAE04EC0-301F-11D3-BF4B-00C04F79EFBC}") = "WhibModel", "Common\WhibModel\WhibModel.csproj", "{474900F3-8254-4D69-A9FD-44989AF3AED5}"
EndProject
Project("{FAE04EC0-301F-11D3-BF4B-00C04F79EFBC}") = "WhibManager", "WinUI\WhibManager\WhibManager.csproj", "{24EE2490-687A-40F9-81AA-7F9A06B87E33}"
EndProject
Global
	GlobalSection(SolutionConfigurationPlatforms) = preSolution
		Debug|Any CPU = Debug|Any CPU
		Release|Any CPU = Release|Any CPU
	EndGlobalSection
	GlobalSection(ProjectConfigurationPlatforms) = postSolution
		{474900F3-8254-4D69-A9FD-44989AF3AED5}.Debug|Any CPU.ActiveCfg = Debug|Any CPU
		{474900F3-8254-4D69-A9FD-44989AF3AED5}.Debug|Any CPU.Build.0 = Debug|Any CPU
		{474900F3-8254-4D69-A9FD-44989AF3AED5}.Release|Any CPU.ActiveCfg = Release|Any CPU
		{474900F3-8254-4D69-A9FD-44989AF3AED5}.Release|Any CPU.Build.0 = Release|Any CPU
		{24EE2490-687A-40F9-81AA-7F9A06B87E33}.Debug|Any CPU.ActiveCfg = Debug|Any CPU
		{24EE2490-687A-40F9-81AA-7F9A06B87E33}.Debug|Any CPU.Build.0 = Debug|Any CPU
		{24EE2490-687A-40F9-81AA-7F9A06B87E33}.Release|Any CPU.ActiveCfg = Release|Any CPU
		{24EE2490-687A-40F9-81AA-7F9A06B87E33}.Release|Any CPU.Build.0 = Release|Any CPU
	EndGlobalSection
	GlobalSection(SolutionProperties) = preSolution
		HideSolutionNode = FALSE
	EndGlobalSection
EndGlobal
